{
  "name": "locales",
  "lockfileVersion": 3,
  "requires": true,
  "packages": {
    "": {
      "dependencies": {
        "@azure-rest/ai-translation-text": "^1.0.0-beta.1",
        "@azure/ai-text-analytics": "^5.1.0",
        "dotenv": "^16.3.1"
      }
    },
    "node_modules/@azure-rest/ai-translation-text": {
      "version": "1.0.0-beta.1",
      "resolved": "https://registry.npmjs.org/@azure-rest/ai-translation-text/-/ai-translation-text-1.0.0-beta.1.tgz",
      "integrity": "sha512-h1xDrmVRbk6eAAqTHxy9Npv543cWteqgop15sVXBQhadOwzHoREn+UqMCzNfvL6/AjiInUlwNSaNQK1ANgobLA==",
      "dependencies": {
        "@azure-rest/core-client": "^1.1.0",
        "@azure/core-auth": "^1.3.0",
        "@azure/core-rest-pipeline": "^1.8.0",
        "@azure/logger": "^1.0.0",
        "tslib": "^2.2.0"
      },
      "engines": {
        "node": ">=14.0.0"
      }
    },
    "node_modules/@azure-rest/core-client": {
      "version": "1.1.6",
      "resolved": "https://registry.npmjs.org/@azure-rest/core-client/-/core-client-1.1.6.tgz",
      "integrity": "sha512-f/eM9o7BHVvjz2HciCwM7LhRcUO4o+okj6NStQK/BNqeTTg5hGWC+ja2vDPfh5ldkXAcBRFC7zyiGUNQYtPyAg==",
      "dependencies": {
        "@azure/abort-controller": "^1.1.0",
        "@azure/core-auth": "^1.3.0",
        "@azure/core-rest-pipeline": "^1.5.0",
        "@azure/core-tracing": "^1.0.1",
        "@azure/core-util": "^1.0.0",
        "tslib": "^2.2.0"
      },
      "engines": {
        "node": ">=18.0.0"
      }
    },
    "node_modules/@azure-rest/core-client/node_modules/@azure/core-tracing": {
      "version": "1.0.1",
      "resolved": "https://registry.npmjs.org/@azure/core-tracing/-/core-tracing-1.0.1.tgz",
      "integrity": "sha512-I5CGMoLtX+pI17ZdiFJZgxMJApsK6jjfm85hpgp3oazCdq5Wxgh4wMr7ge/TTWW1B5WBuvIOI1fMU/FrOAMKrw==",
      "dependencies": {
        "tslib": "^2.2.0"
      },
      "engines": {
        "node": ">=12.0.0"
      }
    },
    "node_modules/@azure/abort-controller": {
      "version": "1.1.0",
      "resolved": "https://registry.npmjs.org/@azure/abort-controller/-/abort-controller-1.1.0.tgz",
      "integrity": "sha512-TrRLIoSQVzfAJX9H1JeFjzAoDGcoK1IYX1UImfceTZpsyYfWr09Ss1aHW1y5TrrR3iq6RZLBwJ3E24uwPhwahw==",
      "dependencies": {
        "tslib": "^2.2.0"
      },
      "engines": {
        "node": ">=12.0.0"
      }
    },
    "node_modules/@azure/ai-text-analytics": {
      "version": "5.1.0",
      "resolved": "https://registry.npmjs.org/@azure/ai-text-analytics/-/ai-text-analytics-5.1.0.tgz",
      "integrity": "sha512-vkAFCxj0dn7kjTDuzpqM4EgQJkn3V0N/KJ0/n+UwralpeCESWll3DLuf8h2kL94vT9pyHWq7xWiNMBrzXxF1yA==",
      "dependencies": {
        "@azure/abort-controller": "^1.0.0",
        "@azure/core-asynciterator-polyfill": "^1.0.0",
        "@azure/core-auth": "^1.3.0",
        "@azure/core-client": "^1.0.0",
        "@azure/core-lro": "^2.0.0",
        "@azure/core-paging": "^1.1.1",
        "@azure/core-rest-pipeline": "^1.1.0",
        "@azure/core-tracing": "1.0.0-preview.12",
        "@azure/logger": "^1.0.0",
        "tslib": "^2.2.0"
      },
      "engines": {
        "node": ">=12.0.0"
      }
    },
    "node_modules/@azure/core-asynciterator-polyfill": {
      "version": "1.0.2",
      "resolved": "https://registry.npmjs.org/@azure/core-asynciterator-polyfill/-/core-asynciterator-polyfill-1.0.2.tgz",
      "integrity": "sha512-3rkP4LnnlWawl0LZptJOdXNrT/fHp2eQMadoasa6afspXdpGrtPZuAQc2PD0cpgyuoXtUWyC3tv7xfntjGS5Dw==",
      "engines": {
        "node": ">=12.0.0"
      }
    },
    "node_modules/@azure/core-auth": {
      "version": "1.5.0",
      "resolved": "https://registry.npmjs.org/@azure/core-auth/-/core-auth-1.5.0.tgz",
      "integrity": "sha512-udzoBuYG1VBoHVohDTrvKjyzel34zt77Bhp7dQntVGGD0ehVq48owENbBG8fIgkHRNUBQH5k1r0hpoMu5L8+kw==",
      "dependencies": {
        "@azure/abort-controller": "^1.0.0",
        "@azure/core-util": "^1.1.0",
        "tslib": "^2.2.0"
      },
      "engines": {
        "node": ">=14.0.0"
      }
    },
    "node_modules/@azure/core-client": {
      "version": "1.7.3",
      "resolved": "https://registry.npmjs.org/@azure/core-client/-/core-client-1.7.3.tgz",
      "integrity": "sha512-kleJ1iUTxcO32Y06dH9Pfi9K4U+Tlb111WXEnbt7R/ne+NLRwppZiTGJuTD5VVoxTMK5NTbEtm5t2vcdNCFe2g==",
      "dependencies": {
        "@azure/abort-controller": "^1.0.0",
        "@azure/core-auth": "^1.4.0",
        "@azure/core-rest-pipeline": "^1.9.1",
        "@azure/core-tracing": "^1.0.0",
        "@azure/core-util": "^1.0.0",
        "@azure/logger": "^1.0.0",
        "tslib": "^2.2.0"
      },
      "engines": {
        "node": ">=14.0.0"
      }
    },
    "node_modules/@azure/core-client/node_modules/@azure/core-tracing": {
      "version": "1.0.1",
      "resolved": "https://registry.npmjs.org/@azure/core-tracing/-/core-tracing-1.0.1.tgz",
      "integrity": "sha512-I5CGMoLtX+pI17ZdiFJZgxMJApsK6jjfm85hpgp3oazCdq5Wxgh4wMr7ge/TTWW1B5WBuvIOI1fMU/FrOAMKrw==",
      "dependencies": {
        "tslib": "^2.2.0"
      },
      "engines": {
        "node": ">=12.0.0"
      }
    },
    "node_modules/@azure/core-lro": {
      "version": "2.5.4",
      "resolved": "https://registry.npmjs.org/@azure/core-lro/-/core-lro-2.5.4.tgz",
      "integrity": "sha512-3GJiMVH7/10bulzOKGrrLeG/uCBH/9VtxqaMcB9lIqAeamI/xYQSHJL/KcsLDuH+yTjYpro/u6D/MuRe4dN70Q==",
      "dependencies": {
        "@azure/abort-controller": "^1.0.0",
        "@azure/core-util": "^1.2.0",
        "@azure/logger": "^1.0.0",
        "tslib": "^2.2.0"
      },
      "engines": {
        "node": ">=14.0.0"
      }
    },
    "node_modules/@azure/core-paging": {
      "version": "1.5.0",
      "resolved": "https://registry.npmjs.org/@azure/core-paging/-/core-paging-1.5.0.tgz",
      "integrity": "sha512-zqWdVIt+2Z+3wqxEOGzR5hXFZ8MGKK52x4vFLw8n58pR6ZfKRx3EXYTxTaYxYHc/PexPUTyimcTWFJbji9Z6Iw==",
      "dependencies": {
        "tslib": "^2.2.0"
      },
      "engines": {
        "node": ">=14.0.0"
      }
    },
    "node_modules/@azure/core-rest-pipeline": {
      "version": "1.13.0",
      "resolved": "https://registry.npmjs.org/@azure/core-rest-pipeline/-/core-rest-pipeline-1.13.0.tgz",
      "integrity": "sha512-a62aP/wppgmnfIkJLfcB4ssPBcH94WzrzPVJ3tlJt050zX4lfmtnvy95D3igDo3f31StO+9BgPrzvkj4aOxnoA==",
      "dependencies": {
        "@azure/abort-controller": "^1.1.0",
        "@azure/core-auth": "^1.4.0",
        "@azure/core-tracing": "^1.0.1",
        "@azure/core-util": "^1.3.0",
        "@azure/logger": "^1.0.0",
        "http-proxy-agent": "^5.0.0",
        "https-proxy-agent": "^5.0.0",
        "tslib": "^2.2.0"
      },
      "engines": {
        "node": ">=18.0.0"
      }
    },
    "node_modules/@azure/core-rest-pipeline/node_modules/@azure/core-tracing": {
      "version": "1.0.1",
      "resolved": "https://registry.npmjs.org/@azure/core-tracing/-/core-tracing-1.0.1.tgz",
      "integrity": "sha512-I5CGMoLtX+pI17ZdiFJZgxMJApsK6jjfm85hpgp3oazCdq5Wxgh4wMr7ge/TTWW1B5WBuvIOI1fMU/FrOAMKrw==",
      "dependencies": {
        "tslib": "^2.2.0"
      },
      "engines": {
        "node": ">=12.0.0"
      }
    },
    "node_modules/@azure/core-tracing": {
      "version": "1.0.0-preview.12",
      "resolved": "https://registry.npmjs.org/@azure/core-tracing/-/core-tracing-1.0.0-preview.12.tgz",
      "integrity": "sha512-nvo2Wc4EKZGN6eFu9n3U7OXmASmL8VxoPIH7xaD6OlQqi44bouF0YIi9ID5rEsKLiAU59IYx6M297nqWVMWPDg==",
      "dependencies": {
        "@opentelemetry/api": "^1.0.0",
        "tslib": "^2.2.0"
      },
      "engines": {
        "node": ">=12.0.0"
      }
    },
    "node_modules/@azure/core-util": {
      "version": "1.6.1",
      "resolved": "https://registry.npmjs.org/@azure/core-util/-/core-util-1.6.1.tgz",
      "integrity": "sha512-h5taHeySlsV9qxuK64KZxy4iln1BtMYlNt5jbuEFN3UFSAd1EwKg/Gjl5a6tZ/W8t6li3xPnutOx7zbDyXnPmQ==",
      "dependencies": {
        "@azure/abort-controller": "^1.0.0",
        "tslib": "^2.2.0"
      },
      "engines": {
        "node": ">=16.0.0"
      }
    },
    "node_modules/@azure/logger": {
      "version": "1.0.4",
      "resolved": "https://registry.npmjs.org/@azure/logger/-/logger-1.0.4.tgz",
      "integrity": "sha512-ustrPY8MryhloQj7OWGe+HrYx+aoiOxzbXTtgblbV3xwCqpzUK36phH3XNHQKj3EPonyFUuDTfR3qFhTEAuZEg==",
      "dependencies": {
        "tslib": "^2.2.0"
      },
      "engines": {
        "node": ">=14.0.0"
      }
    },
    "node_modules/@opentelemetry/api": {
      "version": "1.7.0",
      "resolved": "https://registry.npmjs.org/@opentelemetry/api/-/api-1.7.0.tgz",
      "integrity": "sha512-AdY5wvN0P2vXBi3b29hxZgSFvdhdxPB9+f0B6s//P9Q8nibRWeA3cHm8UmLpio9ABigkVHJ5NMPk+Mz8VCCyrw==",
      "engines": {
        "node": ">=8.0.0"
      }
    },
    "node_modules/@tootallnate/once": {
      "version": "2.0.0",
      "resolved": "https://registry.npmjs.org/@tootallnate/once/-/once-2.0.0.tgz",
      "integrity": "sha512-XCuKFP5PS55gnMVu3dty8KPatLqUoy/ZYzDzAGCQ8JNFCkLXzmI7vNHCR+XpbZaMWQK/vQubr7PkYq8g470J/A==",
      "engines": {
        "node": ">= 10"
      }
    },
    "node_modules/agent-base": {
      "version": "6.0.2",
      "resolved": "https://registry.npmjs.org/agent-base/-/agent-base-6.0.2.tgz",
      "integrity": "sha512-RZNwNclF7+MS/8bDg70amg32dyeZGZxiDuQmZxKLAlQjr3jGyLx+4Kkk58UO7D2QdgFIQCovuSuZESne6RG6XQ==",
      "dependencies": {
        "debug": "4"
      },
      "engines": {
        "node": ">= 6.0.0"
      }
    },
    "node_modules/debug": {
      "version": "4.3.4",
      "resolved": "https://registry.npmjs.org/debug/-/debug-4.3.4.tgz",
      "integrity": "sha512-PRWFHuSU3eDtQJPvnNY7Jcket1j0t5OuOsFzPPzsekD52Zl8qUfFIPEiswXqIvHWGVHOgX+7G/vCNNhehwxfkQ==",
      "dependencies": {
        "ms": "2.1.2"
      },
      "engines": {
        "node": ">=6.0"
      },
      "peerDependenciesMeta": {
        "supports-color": {
          "optional": true
        }
      }
    },
    "node_modules/dotenv": {
      "version": "16.3.1",
      "resolved": "https://registry.npmjs.org/dotenv/-/dotenv-16.3.1.tgz",
      "integrity": "sha512-IPzF4w4/Rd94bA9imS68tZBaYyBWSCE47V1RGuMrB94iyTOIEwRmVL2x/4An+6mETpLrKJ5hQkB8W4kFAadeIQ==",
      "engines": {
        "node": ">=12"
      },
      "funding": {
        "url": "https://github.com/motdotla/dotenv?sponsor=1"
      }
    },
    "node_modules/http-proxy-agent": {
      "version": "5.0.0",
      "resolved": "https://registry.npmjs.org/http-proxy-agent/-/http-proxy-agent-5.0.0.tgz",
      "integrity": "sha512-n2hY8YdoRE1i7r6M0w9DIw5GgZN0G25P8zLCRQ8rjXtTU3vsNFBI/vWK/UIeE6g5MUUz6avwAPXmL6Fy9D/90w==",
      "dependencies": {
        "@tootallnate/once": "2",
        "agent-base": "6",
        "debug": "4"
      },
      "engines": {
        "node": ">= 6"
      }
    },
    "node_modules/https-proxy-agent": {
      "version": "5.0.1",
      "resolved": "https://registry.npmjs.org/https-proxy-agent/-/https-proxy-agent-5.0.1.tgz",
      "integrity": "sha512-dFcAjpTQFgoLMzC2VwU+C/CbS7uRL0lWmxDITmqm7C+7F0Odmj6s9l6alZc6AELXhrnggM2CeWSXHGOdX2YtwA==",
      "dependencies": {
        "agent-base": "6",
        "debug": "4"
      },
      "engines": {
        "node": ">= 6"
      }
    },
    "node_modules/ms": {
      "version": "2.1.2",
      "resolved": "https://registry.npmjs.org/ms/-/ms-2.1.2.tgz",
      "integrity": "sha512-sGkPx+VjMtmA6MX27oA4FBFELFCZZ4S4XqeGOXCv68tT+jb3vk/RyaKWP0PTKyWtmLSM0b+adUTEvbs1PEaH2w=="
    },
    "node_modules/tslib": {
      "version": "2.6.2",
      "resolved": "https://registry.npmjs.org/tslib/-/tslib-2.6.2.tgz",
      "integrity": "sha512-AEYxH93jGFPn/a2iVAwW87VuUIkR1FVUKB77NwMF7nBTDkDrrT/Hpt/IrCJ0QXhW27jTBDcf5ZY7w6RiqTMw2Q=="
    }
  }
}
